
Microsoft Visual Studio Solution File, Format Version 12.00
# Visual Studio 15
VisualStudioVersion = 15.0.27703.2026
MinimumVisualStudioVersion = 10.0.40219.1
Project("{FAE04EC0-301F-11D3-BF4B-00C04F79EFBC}") = "MasterDetailDemo.Android", "MasterDetailDemo\MasterDetailDemo.Android\MasterDetailDemo.Android.csproj", "{2EF1B773-AC6D-46B7-87E7-6EB0BC4B6096}"
EndProject
Project("{FAE04EC0-301F-11D3-BF4B-00C04F79EFBC}") = "MasterDetailDemo.iOS", "MasterDetailDemo\MasterDetailDemo.iOS\MasterDetailDemo.iOS.csproj", "{B4CCF161-20BF-4B51-992B-61603947E656}"
EndProject
Project("{FAE04EC0-301F-11D3-BF4B-00C04F79EFBC}") = "MasterDetailDemo", "MasterDetailDemo\MasterDetailDemo\MasterDetailDemo.csproj", "{C1109011-3C07-4530-8499-DAA27C7C6A67}"
EndProject
Global
	GlobalSection(SolutionConfigurationPlatforms) = preSolution
		Ad-Hoc|Any CPU = Ad-Hoc|Any CPU
		Ad-Hoc|iPhone = Ad-Hoc|iPhone
		Ad-Hoc|iPhoneSimulator = Ad-Hoc|iPhoneSimulator
		AppStore|Any CPU = AppStore|Any CPU
		AppStore|iPhone = AppStore|iPhone
		AppStore|iPhoneSimulator = AppStore|iPhoneSimulator
		Debug|Any CPU = Debug|Any CPU
		Debug|iPhone = Debug|iPhone
		Debug|iPhoneSimulator = Debug|iPhoneSimulator
		Release|Any CPU = Release|Any CPU
		Release|iPhone = Release|iPhone
		Release|iPhoneSimulator = Release|iPhoneSimulator
	EndGlobalSection
	GlobalSection(ProjectConfigurationPlatforms) = postSolution
		{2EF1B773-AC6D-46B7-87E7-6EB0BC4B6096}.Ad-Hoc|Any CPU.ActiveCfg = Release|Any CPU
		{2EF1B773-AC6D-46B7-87E7-6EB0BC4B6096}.Ad-Hoc|Any CPU.Build.0 = Release|Any CPU
		{2EF1B773-AC6D-46B7-87E7-6EB0BC4B6096}.Ad-Hoc|Any CPU.Deploy.0 = Release|Any CPU
		{2EF1B773-AC6D-46B7-87E7-6EB0BC4B6096}.Ad-Hoc|iPhone.ActiveCfg = Release|Any CPU
		{2EF1B773-AC6D-46B7-87E7-6EB0BC4B6096}.Ad-Hoc|iPhone.Build.0 = Release|Any CPU
		{2EF1B773-AC6D-46B7-87E7-6EB0BC4B6096}.Ad-Hoc|iPhone.Deploy.0 = Release|Any CPU
		{2EF1B773-AC6D-46B7-87E7-6EB0BC4B6096}.Ad-Hoc|iPhoneSimulator.ActiveCfg = Release|Any CPU
		{2EF1B773-AC6D-46B7-87E7-6EB0BC4B6096}.Ad-Hoc|iPhoneSimulator.Build.0 = Release|Any CPU
		{2EF1B773-AC6D-46B7-87E7-6EB0BC4B6096}.Ad-Hoc|iPhoneSimulator.Deploy.0 = Release|Any CPU
		{2EF1B773-AC6D-46B7-87E7-6EB0BC4B6096}.AppStore|Any CPU.ActiveCfg = Release|Any CPU
		{2EF1B773-AC6D-46B7-87E7-6EB0BC4B6096}.AppStore|Any CPU.Build.0 = Release|Any CPU
		{2EF1B773-AC6D-46B7-87E7-6EB0BC4B6096}.AppStore|Any CPU.Deploy.0 = Release|Any CPU
		{2EF1B773-AC6D-46B7-87E7-6EB0BC4B6096}.AppStore|iPhone.ActiveCfg = Release|Any CPU
		{2EF1B773-AC6D-46B7-87E7-6EB0BC4B6096}.AppStore|iPhone.Build.0 = Release|Any CPU
		{2EF1B773-AC6D-46B7-87E7-6EB0BC4B6096}.AppStore|iPhone.Deploy.0 = Release|Any CPU
		{2EF1B773-AC6D-46B7-87E7-6EB0BC4B6096}.AppStore|iPhoneSimulator.ActiveCfg = Release|Any CPU
		{2EF1B773-AC6D-46B7-87E7-6EB0BC4B6096}.AppStore|iPhoneSimulator.Build.0 = Release|Any CPU
		{2EF1B773-AC6D-46B7-87E7-6EB0BC4B6096}.AppStore|iPhoneSimulator.Deploy.0 = Release|Any CPU
		{2EF1B773-AC6D-46B7-87E7-6EB0BC4B6096}.Debug|Any CPU.ActiveCfg = Debug|Any CPU
		{2EF1B773-AC6D-46B7-87E7-6EB0BC4B6096}.Debug|Any CPU.Build.0 = Debug|Any CPU
		{2EF1B773-AC6D-46B7-87E7-6EB0BC4B6096}.Debug|Any CPU.Deploy.0 = Debug|Any CPU
		{2EF1B773-AC6D-46B7-87E7-6EB0BC4B6096}.Debug|iPhone.ActiveCfg = Debug|Any CPU
		{2EF1B773-AC6D-46B7-87E7-6EB0BC4B6096}.Debug|iPhone.Build.0 = Debug|Any CPU
		{2EF1B773-AC6D-46B7-87E7-6EB0BC4B6096}.Debug|iPhone.Deploy.0 = Debug|Any CPU
		{2EF1B773-AC6D-46B7-87E7-6EB0BC4B6096}.Debug|iPhoneSimulator.ActiveCfg = Debug|Any CPU
		{2EF1B773-AC6D-46B7-87E7-6EB0BC4B6096}.Debug|iPhoneSimulator.Build.0 = Debug|Any CPU
		{2EF1B773-AC6D-46B7-87E7-6EB0BC4B6096}.Debug|iPhoneSimulator.Deploy.0 = Debug|Any CPU
		{2EF1B773-AC6D-46B7-87E7-6EB0BC4B6096}.Release|Any CPU.ActiveCfg = Release|Any CPU
		{2EF1B773-AC6D-46B7-87E7-6EB0BC4B6096}.Release|Any CPU.Build.0 = Release|Any CPU
		{2EF1B773-AC6D-46B7-87E7-6EB0BC4B6096}.Release|Any CPU.Deploy.0 = Release|Any CPU
		{2EF1B773-AC6D-46B7-87E7-6EB0BC4B6096}.Release|iPhone.ActiveCfg = Release|Any CPU
		{2EF1B773-AC6D-46B7-87E7-6EB0BC4B6096}.Release|iPhone.Build.0 = Release|Any CPU
		{2EF1B773-AC6D-46B7-87E7-6EB0BC4B6096}.Release|iPhone.Deploy.0 = Release|Any CPU
		{2EF1B773-AC6D-46B7-87E7-6EB0BC4B6096}.Release|iPhoneSimulator.ActiveCfg = Release|Any CPU
		{2EF1B773-AC6D-46B7-87E7-6EB0BC4B6096}.Release|iPhoneSimulator.Build.0 = Release|Any CPU
		{2EF1B773-AC6D-46B7-87E7-6EB0BC4B6096}.Release|iPhoneSimulator.Deploy.0 = Release|Any CPU
		{B4CCF161-20BF-4B51-992B-61603947E656}.Ad-Hoc|Any CPU.ActiveCfg = Ad-Hoc|iPhone
		{B4CCF161-20BF-4B51-992B-61603947E656}.Ad-Hoc|Any CPU.Build.0 = Ad-Hoc|iPhone
		{B4CCF161-20BF-4B51-992B-61603947E656}.Ad-Hoc|Any CPU.Deploy.0 = Ad-Hoc|iPhone
		{B4CCF161-20BF-4B51-992B-61603947E656}.Ad-Hoc|iPhone.ActiveCfg = Ad-Hoc|iPhone
		{B4CCF161-20BF-4B51-992B-61603947E656}.Ad-Hoc|iPhone.Build.0 = Ad-Hoc|iPhone
		{B4CCF161-20BF-4B51-992B-61603947E656}.Ad-Hoc|iPhone.Deploy.0 = Ad-Hoc|iPhone
		{B4CCF161-20BF-4B51-992B-61603947E656}.Ad-Hoc|iPhoneSimulator.ActiveCfg = Ad-Hoc|iPhoneSimulator
		{B4CCF161-20BF-4B51-992B-61603947E656}.Ad-Hoc|iPhoneSimulator.Build.0 = Ad-Hoc|iPhoneSimulator
		{B4CCF161-20BF-4B51-992B-61603947E656}.Ad-Hoc|iPhoneSimulator.Deploy.0 = Ad-Hoc|iPhoneSimulator
		{B4CCF161-20BF-4B51-992B-61603947E656}.AppStore|Any CPU.ActiveCfg = AppStore|iPhone
		{B4CCF161-20BF-4B51-992B-61603947E656}.AppStore|Any CPU.Build.0 = AppStore|iPhone
		{B4CCF161-20BF-4B51-992B-61603947E656}.AppStore|Any CPU.Deploy.0 = AppStore|iPhone
		{B4CCF161-20BF-4B51-992B-61603947E656}.AppStore|iPhone.ActiveCfg = AppStore|iPhone
		{B4CCF161-20BF-4B51-992B-61603947E656}.AppStore|iPhone.Build.0 = AppStore|iPhone
		{B4CCF161-20BF-4B51-992B-61603947E656}.AppStore|iPhone.Deploy.0 = AppStore|iPhone
		{B4CCF161-20BF-4B51-992B-61603947E656}.AppStore|iPhoneSimulator.ActiveCfg = AppStore|iPhoneSimulator
		{B4CCF161-20BF-4B51-992B-61603947E656}.AppStore|iPhoneSimulator.Build.0 = AppStore|iPhoneSimulator
		{B4CCF161-20BF-4B51-992B-61603947E656}.AppStore|iPhoneSimulator.Deploy.0 = AppStore|iPhoneSimulator
		{B4CCF161-20BF-4B51-992B-61603947E656}.Debug|Any CPU.ActiveCfg = Debug|iPhoneSimulator
		{B4CCF161-20BF-4B51-992B-61603947E656}.Debug|Any CPU.Build.0 = Debug|iPhoneSimulator
		{B4CCF161-20BF-4B51-992B-61603947E656}.Debug|Any CPU.Deploy.0 = Debug|iPhoneSimulator
		{B4CCF161-20BF-4B51-992B-61603947E656}.Debug|iPhone.ActiveCfg = Debug|iPhone
		{B4CCF161-20BF-4B51-992B-61603947E656}.Debug|iPhone.Build.0 = Debug|iPhone
		{B4CCF161-20BF-4B51-992B-61603947E656}.Debug|iPhone.Deploy.0 = Debug|iPhone
		{B4CCF161-20BF-4B51-992B-61603947E656}.Debug|iPhoneSimulator.ActiveCfg = Debug|iPhoneSimulator
		{B4CCF161-20BF-4B51-992B-61603947E656}.Debug|iPhoneSimulator.Build.0 = Debug|iPhoneSimulator
		{B4CCF161-20BF-4B51-992B-61603947E656}.Debug|iPhoneSimulator.Deploy.0 = Debug|iPhoneSimulator
		{B4CCF161-20BF-4B51-992B-61603947E656}.Release|Any CPU.ActiveCfg = Release|iPhone
		{B4CCF161-20BF-4B51-992B-61603947E656}.Release|Any CPU.Build.0 = Release|iPhone
		{B4CCF161-20BF-4B51-992B-61603947E656}.Release|Any CPU.Deploy.0 = Release|iPhone
		{B4CCF161-20BF-4B51-992B-61603947E656}.Release|iPhone.ActiveCfg = Release|iPhone
		{B4CCF161-20BF-4B51-992B-61603947E656}.Release|iPhone.Build.0 = Release|iPhone
		{B4CCF161-20BF-4B51-992B-61603947E656}.Release|iPhone.Deploy.0 = Release|iPhone
		{B4CCF161-20BF-4B51-992B-61603947E656}.Release|iPhoneSimulator.ActiveCfg = Release|iPhoneSimulator
		{B4CCF161-20BF-4B51-992B-61603947E656}.Release|iPhoneSimulator.Build.0 = Release|iPhoneSimulator
		{B4CCF161-20BF-4B51-992B-61603947E656}.Release|iPhoneSimulator.Deploy.0 = Release|iPhoneSimulator
		{C1109011-3C07-4530-8499-DAA27C7C6A67}.Ad-Hoc|Any CPU.ActiveCfg = Debug|Any CPU
		{C1109011-3C07-4530-8499-DAA27C7C6A67}.Ad-Hoc|Any CPU.Build.0 = Debug|Any CPU
		{C1109011-3C07-4530-8499-DAA27C7C6A67}.Ad-Hoc|Any CPU.Deploy.0 = Debug|Any CPU
		{C1109011-3C07-4530-8499-DAA27C7C6A67}.Ad-Hoc|iPhone.ActiveCfg = Debug|Any CPU
		{C1109011-3C07-4530-8499-DAA27C7C6A67}.Ad-Hoc|iPhone.Build.0 = Debug|Any CPU
		{C1109011-3C07-4530-8499-DAA27C7C6A67}.Ad-Hoc|iPhone.Deploy.0 = Debug|Any CPU
		{C1109011-3C07-4530-8499-DAA27C7C6A67}.Ad-Hoc|iPhoneSimulator.ActiveCfg = Debug|Any CPU
		{C1109011-3C07-4530-8499-DAA27C7C6A67}.Ad-Hoc|iPhoneSimulator.Build.0 = Debug|Any CPU
		{C1109011-3C07-4530-8499-DAA27C7C6A67}.Ad-Hoc|iPhoneSimulator.Deploy.0 = Debug|Any CPU
		{C1109011-3C07-4530-8499-DAA27C7C6A67}.AppStore|Any CPU.ActiveCfg = Debug|Any CPU
		{C1109011-3C07-4530-8499-DAA27C7C6A67}.AppStore|Any CPU.Build.0 = Debug|Any CPU
		{C1109011-3C07-4530-8499-DAA27C7C6A67}.AppStore|Any CPU.Deploy.0 = Debug|Any CPU
		{C1109011-3C07-4530-8499-DAA27C7C6A67}.AppStore|iPhone.ActiveCfg = Debug|Any CPU
		{C1109011-3C07-4530-8499-DAA27C7C6A67}.AppStore|iPhone.Build.0 = Debug|Any CPU
		{C1109011-3C07-4530-8499-DAA27C7C6A67}.AppStore|iPhone.Deploy.0 = Debug|Any CPU
		{C1109011-3C07-4530-8499-DAA27C7C6A67}.AppStore|iPhoneSimulator.ActiveCfg = Debug|Any CPU
		{C1109011-3C07-4530-8499-DAA27C7C6A67}.AppStore|iPhoneSimulator.Build.0 = Debug|Any CPU
		{C1109011-3C07-4530-8499-DAA27C7C6A67}.AppStore|iPhoneSimulator.Deploy.0 = Debug|Any CPU
		{C1109011-3C07-4530-8499-DAA27C7C6A67}.Debug|Any CPU.ActiveCfg = Debug|Any CPU
		{C1109011-3C07-4530-8499-DAA27C7C6A67}.Debug|Any CPU.Build.0 = Debug|Any CPU
		{C1109011-3C07-4530-8499-DAA27C7C6A67}.Debug|Any CPU.Deploy.0 = Debug|Any CPU
		{C1109011-3C07-4530-8499-DAA27C7C6A67}.Debug|iPhone.ActiveCfg = Debug|Any CPU
		{C1109011-3C07-4530-8499-DAA27C7C6A67}.Debug|iPhone.Build.0 = Debug|Any CPU
		{C1109011-3C07-4530-8499-DAA27C7C6A67}.Debug|iPhone.Deploy.0 = Debug|Any CPU
		{C1109011-3C07-4530-8499-DAA27C7C6A67}.Debug|iPhoneSimulator.ActiveCfg = Debug|Any CPU
		{C1109011-3C07-4530-8499-DAA27C7C6A67}.Debug|iPhoneSimulator.Build.0 = Debug|Any CPU
		{C1109011-3C07-4530-8499-DAA27C7C6A67}.Debug|iPhoneSimulator.Deploy.0 = Debug|Any CPU
		{C1109011-3C07-4530-8499-DAA27C7C6A67}.Release|Any CPU.ActiveCfg = Release|Any CPU
		{C1109011-3C07-4530-8499-DAA27C7C6A67}.Release|Any CPU.Build.0 = Release|Any CPU
		{C1109011-3C07-4530-8499-DAA27C7C6A67}.Release|Any CPU.Deploy.0 = Release|Any CPU
		{C1109011-3C07-4530-8499-DAA27C7C6A67}.Release|iPhone.ActiveCfg = Release|Any CPU
		{C1109011-3C07-4530-8499-DAA27C7C6A67}.Release|iPhone.Build.0 = Release|Any CPU
		{C1109011-3C07-4530-8499-DAA27C7C6A67}.Release|iPhone.Deploy.0 = Release|Any CPU
		{C1109011-3C07-4530-8499-DAA27C7C6A67}.Release|iPhoneSimulator.ActiveCfg = Release|Any CPU
		{C1109011-3C07-4530-8499-DAA27C7C6A67}.Release|iPhoneSimulator.Build.0 = Release|Any CPU
		{C1109011-3C07-4530-8499-DAA27C7C6A67}.Release|iPhoneSimulator.Deploy.0 = Release|Any CPU
	EndGlobalSection
	GlobalSection(SolutionProperties) = preSolution
		HideSolutionNode = FALSE
	EndGlobalSection
	GlobalSection(ExtensibilityGlobals) = postSolution
		SolutionGuid = {ABA37861-7F69-4315-B51B-99209260F0CD}
	EndGlobalSection
EndGlobal
